
Microsoft Visual Studio Solution File, Format Version 12.00
# Visual Studio 15
VisualStudioVersion = 15.0.28010.2003
MinimumVisualStudioVersion = 10.0.40219.1
Project("{9A19103F-16F7-4668-BE54-9A1E7A4F7556}") = "TransactionsProcessor.Api", "TransactionsProcessor.Api\TransactionsProcessor.Api.csproj", "{4694BE2B-152D-4369-BC0A-3C05AC054F08}"
EndProject
Project("{2150E333-8FDC-42A3-9474-1A3956D46DE8}") = "CFN", "CFN", "{7346E7DE-E9A5-47D9-A81E-A151EF230009}"
EndProject
Project("{9A19103F-16F7-4668-BE54-9A1E7A4F7556}") = "TransactionsProcessor.CFN.Application", "TransactionsProcessor.CFN.Application\TransactionsProcessor.CFN.Application.csproj", "{3818643A-462B-4004-AB31-1F0309D01B96}"
EndProject
Project("{9A19103F-16F7-4668-BE54-9A1E7A4F7556}") = "TransactionsProcessor.Infrastructure", "TransactionsProcessor.Infrastructure\TransactionsProcessor.Infrastructure.csproj", "{8B634869-64B3-4669-9111-114883B44914}"
EndProject
Project("{9A19103F-16F7-4668-BE54-9A1E7A4F7556}") = "TransactionsProcessor.Data", "TransactionsProcessor.Data\TransactionsProcessor.Data.csproj", "{DCC3B6A9-867F-4A40-A512-12BC5EFEB100}"
EndProject
Project("{9A19103F-16F7-4668-BE54-9A1E7A4F7556}") = "TransactionsProcessor.ApplicationFiles", "TransactionsProcessor.ApplicationFiles\TransactionsProcessor.ApplicationFiles.csproj", "{26A8696D-F7E3-4E09-9971-3D04BC8284F8}"
EndProject
Project("{2150E333-8FDC-42A3-9474-1A3956D46DE8}") = "Core", "Core", "{02DC1C53-93E9-483E-BBAD-508A7E3763AA}"
EndProject
Project("{FAE04EC0-301F-11D3-BF4B-00C04F79EFBC}") = "TransactionsProcessor.FileManager", "TransactionsProcessor.FileManager\TransactionsProcessor.FileManager.csproj", "{D0CE67AD-105E-41F5-983A-7BEFA0468F4D}"
EndProject
Global
	GlobalSection(SolutionConfigurationPlatforms) = preSolution
		Debug|Any CPU = Debug|Any CPU
		Release|Any CPU = Release|Any CPU
	EndGlobalSection
	GlobalSection(ProjectConfigurationPlatforms) = postSolution
		{4694BE2B-152D-4369-BC0A-3C05AC054F08}.Debug|Any CPU.ActiveCfg = Debug|Any CPU
		{4694BE2B-152D-4369-BC0A-3C05AC054F08}.Debug|Any CPU.Build.0 = Debug|Any CPU
		{4694BE2B-152D-4369-BC0A-3C05AC054F08}.Release|Any CPU.ActiveCfg = Release|Any CPU
		{4694BE2B-152D-4369-BC0A-3C05AC054F08}.Release|Any CPU.Build.0 = Release|Any CPU
		{3818643A-462B-4004-AB31-1F0309D01B96}.Debug|Any CPU.ActiveCfg = Debug|Any CPU
		{3818643A-462B-4004-AB31-1F0309D01B96}.Debug|Any CPU.Build.0 = Debug|Any CPU
		{3818643A-462B-4004-AB31-1F0309D01B96}.Release|Any CPU.ActiveCfg = Release|Any CPU
		{3818643A-462B-4004-AB31-1F0309D01B96}.Release|Any CPU.Build.0 = Release|Any CPU
		{8B634869-64B3-4669-9111-114883B44914}.Debug|Any CPU.ActiveCfg = Debug|Any CPU
		{8B634869-64B3-4669-9111-114883B44914}.Debug|Any CPU.Build.0 = Debug|Any CPU
		{8B634869-64B3-4669-9111-114883B44914}.Release|Any CPU.ActiveCfg = Release|Any CPU
		{8B634869-64B3-4669-9111-114883B44914}.Release|Any CPU.Build.0 = Release|Any CPU
		{DCC3B6A9-867F-4A40-A512-12BC5EFEB100}.Debug|Any CPU.ActiveCfg = Debug|Any CPU
		{DCC3B6A9-867F-4A40-A512-12BC5EFEB100}.Debug|Any CPU.Build.0 = Debug|Any CPU
		{DCC3B6A9-867F-4A40-A512-12BC5EFEB100}.Release|Any CPU.ActiveCfg = Release|Any CPU
		{DCC3B6A9-867F-4A40-A512-12BC5EFEB100}.Release|Any CPU.Build.0 = Release|Any CPU
		{26A8696D-F7E3-4E09-9971-3D04BC8284F8}.Debug|Any CPU.ActiveCfg = Debug|Any CPU
		{26A8696D-F7E3-4E09-9971-3D04BC8284F8}.Debug|Any CPU.Build.0 = Debug|Any CPU
		{26A8696D-F7E3-4E09-9971-3D04BC8284F8}.Release|Any CPU.ActiveCfg = Release|Any CPU
		{26A8696D-F7E3-4E09-9971-3D04BC8284F8}.Release|Any CPU.Build.0 = Release|Any CPU
		{D0CE67AD-105E-41F5-983A-7BEFA0468F4D}.Debug|Any CPU.ActiveCfg = Debug|Any CPU
		{D0CE67AD-105E-41F5-983A-7BEFA0468F4D}.Debug|Any CPU.Build.0 = Debug|Any CPU
		{D0CE67AD-105E-41F5-983A-7BEFA0468F4D}.Release|Any CPU.ActiveCfg = Release|Any CPU
		{D0CE67AD-105E-41F5-983A-7BEFA0468F4D}.Release|Any CPU.Build.0 = Release|Any CPU
	EndGlobalSection
	GlobalSection(SolutionProperties) = preSolution
		HideSolutionNode = FALSE
	EndGlobalSection
	GlobalSection(NestedProjects) = preSolution
		{3818643A-462B-4004-AB31-1F0309D01B96} = {7346E7DE-E9A5-47D9-A81E-A151EF230009}
		{D0CE67AD-105E-41F5-983A-7BEFA0468F4D} = {02DC1C53-93E9-483E-BBAD-508A7E3763AA}
	EndGlobalSection
	GlobalSection(ExtensibilityGlobals) = postSolution
		SolutionGuid = {102DA34B-0E6E-4AFA-95EF-05EA3B990F70}
	EndGlobalSection
EndGlobal
